# This file is automatically @generated by Cargo.
# It is not intended for manual editing.
version = 3

[[package]]
name = "autocfg"
version = "1.0.1"
source = "registry+https://github.com/rust-lang/crates.io-index"
checksum = "cdb031dd78e28731d87d56cc8ffef4a8f36ca26c38fe2de700543e627f8a464a"

[[package]]
name = "cc"
version = "1.0.72"
source = "registry+https://github.com/rust-lang/crates.io-index"
checksum = "22a9137b95ea06864e018375b72adfb7db6e6f68cfc8df5a04d00288050485ee"

[[package]]
name = "cmake"
version = "0.1.48"
source = "registry+https://github.com/rust-lang/crates.io-index"
checksum = "e8ad8cef104ac57b68b89df3208164d228503abbdce70f6880ffa3d970e7443a"
dependencies = [
 "cc",
]

[[package]]
name = "downcast-rs"
version = "1.2.0"
source = "registry+https://github.com/rust-lang/crates.io-index"
checksum = "9ea835d29036a4087793836fa931b08837ad5e957da9e23886b29586fb9b6650"

[[package]]
name = "glob"
version = "0.2.11"
source = "registry+https://github.com/rust-lang/crates.io-index"
checksum = "8be18de09a56b60ed0edf84bc9df007e30040691af7acd1c41874faac5895bfb"

[[package]]
name = "itoa"
version = "1.0.1"
source = "registry+https://github.com/rust-lang/crates.io-index"
checksum = "1aab8fc367588b89dcee83ab0fd66b72b50b72fa1904d7095045ace2b0c81c35"

[[package]]
name = "libm"
version = "0.2.1"
source = "registry+https://github.com/rust-lang/crates.io-index"
checksum = "c7d73b3f436185384286bd8098d17ec07c9a7d2388a6599f824d8502b529702a"

[[package]]
name = "memory_units"
version = "0.3.0"
source = "registry+https://github.com/rust-lang/crates.io-index"
checksum = "71d96e3f3c0b6325d8ccd83c33b28acb183edcb6c67938ba104ec546854b0882"

[[package]]
name = "num-bigint"
version = "0.4.3"
source = "registry+https://github.com/rust-lang/crates.io-index"
checksum = "f93ab6289c7b344a8a9f60f88d80aa20032336fe78da341afc91c8a2341fc75f"
dependencies = [
 "autocfg",
 "num-integer",
 "num-traits",
]

[[package]]
name = "num-integer"
version = "0.1.44"
source = "registry+https://github.com/rust-lang/crates.io-index"
checksum = "d2cc698a63b549a70bc047073d2949cce27cd1c7b0a4a862d08a8031bc2801db"
dependencies = [
 "autocfg",
 "num-traits",
]

[[package]]
name = "num-rational"
version = "0.4.0"
source = "registry+https://github.com/rust-lang/crates.io-index"
checksum = "d41702bd167c2df5520b384281bc111a4b5efcf7fbc4c9c222c815b07e0a6a6a"
dependencies = [
 "autocfg",
 "num-bigint",
 "num-integer",
 "num-traits",
]

[[package]]
name = "num-traits"
version = "0.2.14"
source = "registry+https://github.com/rust-lang/crates.io-index"
checksum = "9a64b1ec5cda2586e284722486d802acf1f7dbdc623e2bfc57e65ca1cd099290"
dependencies = [
 "autocfg",
]

[[package]]
name = "parity-wasm"
version = "0.42.2"
source = "registry+https://github.com/rust-lang/crates.io-index"
checksum = "be5e13c266502aadf83426d87d81a0f5d1ef45b8027f5a471c360abfe4bfae92"

[[package]]
name = "proc-macro2"
version = "1.0.36"
source = "registry+https://github.com/rust-lang/crates.io-index"
checksum = "c7342d5883fbccae1cc37a2353b09c87c9b0f3afd73f5fb9bba687a1f733b029"
dependencies = [
 "unicode-xid",
]

[[package]]
name = "quote"
version = "1.0.14"
source = "registry+https://github.com/rust-lang/crates.io-index"
checksum = "47aa80447ce4daf1717500037052af176af5d38cc3e571d9ec1c7353fc10c87d"
dependencies = [
 "proc-macro2",
]

[[package]]
name = "ryu"
version = "1.0.9"
source = "registry+https://github.com/rust-lang/crates.io-index"
checksum = "73b4b750c782965c211b42f022f59af1fbceabdd026623714f104152f1ec149f"

[[package]]
name = "serde"
version = "1.0.133"
source = "registry+https://github.com/rust-lang/crates.io-index"
checksum = "97565067517b60e2d1ea8b268e59ce036de907ac523ad83a0475da04e818989a"

[[package]]
name = "serde_derive"
version = "1.0.133"
source = "registry+https://github.com/rust-lang/crates.io-index"
checksum = "ed201699328568d8d08208fdd080e3ff594e6c422e438b6705905da01005d537"
dependencies = [
 "proc-macro2",
 "quote",
 "syn",
]

[[package]]
name = "serde_json"
version = "1.0.74"
source = "registry+https://github.com/rust-lang/crates.io-index"
checksum = "ee2bb9cd061c5865d345bb02ca49fcef1391741b672b54a0bf7b679badec3142"
dependencies = [
 "itoa",
 "ryu",
 "serde",
]

[[package]]
name = "syn"
version = "1.0.85"
source = "registry+https://github.com/rust-lang/crates.io-index"
checksum = "a684ac3dcd8913827e18cd09a68384ee66c1de24157e3c556c9ab16d85695fb7"
dependencies = [
 "proc-macro2",
 "quote",
 "unicode-xid",
]

[[package]]
name = "unicode-xid"
version = "0.2.2"
source = "registry+https://github.com/rust-lang/crates.io-index"
checksum = "8ccb82d61f80a663efe1f787a51b16b5a51e3314d6ac365b08639f52387b33f3"

[[package]]
name = "wabt"
version = "0.10.0"
source = "registry+https://github.com/rust-lang/crates.io-index"
checksum = "00bef93d5e6c81a293bccf107cf43aa47239382f455ba14869d36695d8963b9c"
dependencies = [
 "serde",
 "serde_derive",
 "serde_json",
 "wabt-sys",
]

[[package]]
name = "wabt-sys"
version = "0.8.0"
source = "registry+https://github.com/rust-lang/crates.io-index"
checksum = "1a4e043159f63e16986e713e9b5e1c06043df4848565bf672e27c523864c7791"
dependencies = [
 "cc",
 "cmake",
 "glob",
]

[[package]]
name = "wasmi"
version = "0.11.0"
source = "registry+https://github.com/rust-lang/crates.io-index"
checksum = "0a3cb58f98e4d6c944af18c2c9002f22d0b928dfbb8b6c2b7d78a8573a5216bf"
dependencies = [
 "downcast-rs",
 "libm",
 "memory_units",
 "num-rational",
 "num-traits",
 "parity-wasm",
 "wasmi-validation",
]

[[package]]
name = "wasmi-impl"
version = "0.1.0"
dependencies = [
 "wabt",
 "wasmi",
]

[[package]]
name = "wasmi-validation"
version = "0.4.1"
source = "registry+https://github.com/rust-lang/crates.io-index"
checksum = "165343ecd6c018fc09ebcae280752702c9a2ef3e6f8d02f1cfcbdb53ef6d7937"
dependencies = [
 "parity-wasm",
]
