# This file is automatically @generated by Cargo.
# It is not intended for manual editing.
version = 3

[[package]]
name = "autocfg"
version = "1.1.0"
source = "registry+https://github.com/rust-lang/crates.io-index"
checksum = "d468802bab17cbc0cc575e9b053f41e72aa36bfa6b7f55e3529ffa43161b97fa"

[[package]]
name = "cc"
version = "1.0.83"
source = "registry+https://github.com/rust-lang/crates.io-index"
checksum = "f1174fb0b6ec23863f8b971027804a42614e347eafb0a95bf0b12cdae21fc4d0"
dependencies = [
 "libc",
]

[[package]]
name = "downcast-rs"
version = "1.2.0"
source = "registry+https://github.com/rust-lang/crates.io-index"
checksum = "9ea835d29036a4087793836fa931b08837ad5e957da9e23886b29586fb9b6650"

[[package]]
name = "hashbrown_tstd"
version = "0.12.0"
source = "git+https://github.com/apache/teaclave-sgx-sdk.git?rev=3c903bdac4e503dd27b9b1f761c4abfc55f2464c#3c903bdac4e503dd27b9b1f761c4abfc55f2464c"

[[package]]
name = "itoa"
version = "1.0.10"
source = "registry+https://github.com/rust-lang/crates.io-index"
checksum = "b1a46d1a171d865aa5f83f92695765caa047a9b4cbae2cbf37dbd613a793fd4c"

[[package]]
name = "libc"
version = "0.2.153"
source = "registry+https://github.com/rust-lang/crates.io-index"
checksum = "9c198f91728a82281a64e1f4f9eeb25d82cb32a5de251c6bd1b5154d63a8e7bd"

[[package]]
name = "libm"
version = "0.2.8"
source = "registry+https://github.com/rust-lang/crates.io-index"
checksum = "4ec2a862134d2a7d32d7983ddcdd1c4923530833c9f2ea1a44fc5fa473989058"

[[package]]
name = "memory_units"
version = "0.3.0"
source = "registry+https://github.com/rust-lang/crates.io-index"
checksum = "71d96e3f3c0b6325d8ccd83c33b28acb183edcb6c67938ba104ec546854b0882"

[[package]]
name = "num-bigint"
version = "0.4.4"
source = "registry+https://github.com/rust-lang/crates.io-index"
checksum = "608e7659b5c3d7cba262d894801b9ec9d00de989e8a82bd4bef91d08da45cdc0"
dependencies = [
 "autocfg",
 "num-integer",
 "num-traits",
]

[[package]]
name = "num-integer"
version = "0.1.45"
source = "registry+https://github.com/rust-lang/crates.io-index"
checksum = "225d3389fb3509a24c93f5c29eb6bde2586b98d9f016636dff58d7c6f7569cd9"
dependencies = [
 "autocfg",
 "num-traits",
]

[[package]]
name = "num-rational"
version = "0.4.1"
source = "registry+https://github.com/rust-lang/crates.io-index"
checksum = "0638a1c9d0a3c0914158145bc76cff373a75a627e6ecbfb71cbe6f453a5a19b0"
dependencies = [
 "autocfg",
 "num-bigint",
 "num-integer",
 "num-traits",
]

[[package]]
name = "num-traits"
version = "0.2.17"
source = "registry+https://github.com/rust-lang/crates.io-index"
checksum = "39e3200413f237f41ab11ad6d161bc7239c84dcb631773ccd7de3dfe4b5c267c"
dependencies = [
 "autocfg",
]

[[package]]
name = "parity-wasm"
version = "0.42.2"
source = "registry+https://github.com/rust-lang/crates.io-index"
checksum = "be5e13c266502aadf83426d87d81a0f5d1ef45b8027f5a471c360abfe4bfae92"

[[package]]
name = "proc-macro2"
version = "1.0.78"
source = "registry+https://github.com/rust-lang/crates.io-index"
checksum = "e2422ad645d89c99f8f3e6b88a9fdeca7fabeac836b1002371c4367c8f984aae"
dependencies = [
 "unicode-ident",
]

[[package]]
name = "quote"
version = "1.0.35"
source = "registry+https://github.com/rust-lang/crates.io-index"
checksum = "291ec9ab5efd934aaf503a6466c5d5251535d108ee747472c3977cc5acc868ef"
dependencies = [
 "proc-macro2",
]

[[package]]
name = "ryu"
version = "1.0.16"
source = "registry+https://github.com/rust-lang/crates.io-index"
checksum = "f98d2aa92eebf49b69786be48e4477826b256916e84a57ff2a4f21923b48eb4c"

[[package]]
name = "serde"
version = "1.0.196"
source = "registry+https://github.com/rust-lang/crates.io-index"
checksum = "870026e60fa08c69f064aa766c10f10b1d62db9ccd4d0abb206472bee0ce3b32"
dependencies = [
 "serde_derive",
]

[[package]]
name = "serde_derive"
version = "1.0.196"
source = "registry+https://github.com/rust-lang/crates.io-index"
checksum = "33c85360c95e7d137454dc81d9a4ed2b8efd8fbe19cee57357b32b9771fccb67"
dependencies = [
 "proc-macro2",
 "quote",
 "syn",
]

[[package]]
name = "serde_json"
version = "1.0.113"
source = "registry+https://github.com/rust-lang/crates.io-index"
checksum = "69801b70b1c3dac963ecb03a364ba0ceda9cf60c71cfe475e99864759c8b8a79"
dependencies = [
 "itoa",
 "ryu",
 "serde",
]

[[package]]
name = "sgx_alloc"
version = "1.1.6"
source = "git+https://github.com/apache/teaclave-sgx-sdk.git?rev=3c903bdac4e503dd27b9b1f761c4abfc55f2464c#3c903bdac4e503dd27b9b1f761c4abfc55f2464c"

[[package]]
name = "sgx_backtrace_sys"
version = "1.1.6"
source = "git+https://github.com/apache/teaclave-sgx-sdk.git?rev=3c903bdac4e503dd27b9b1f761c4abfc55f2464c#3c903bdac4e503dd27b9b1f761c4abfc55f2464c"
dependencies = [
 "cc",
 "sgx_build_helper",
 "sgx_libc",
]

[[package]]
name = "sgx_build_helper"
version = "1.1.6"
source = "git+https://github.com/apache/teaclave-sgx-sdk.git?rev=3c903bdac4e503dd27b9b1f761c4abfc55f2464c#3c903bdac4e503dd27b9b1f761c4abfc55f2464c"

[[package]]
name = "sgx_demangle"
version = "1.1.6"
source = "git+https://github.com/apache/teaclave-sgx-sdk.git?rev=3c903bdac4e503dd27b9b1f761c4abfc55f2464c#3c903bdac4e503dd27b9b1f761c4abfc55f2464c"

[[package]]
name = "sgx_libc"
version = "1.1.6"
source = "git+https://github.com/apache/teaclave-sgx-sdk.git?rev=3c903bdac4e503dd27b9b1f761c4abfc55f2464c#3c903bdac4e503dd27b9b1f761c4abfc55f2464c"
dependencies = [
 "sgx_types",
]

[[package]]
name = "sgx_serialize"
version = "1.1.6"
source = "git+https://github.com/apache/teaclave-sgx-sdk.git?rev=3c903bdac4e503dd27b9b1f761c4abfc55f2464c#3c903bdac4e503dd27b9b1f761c4abfc55f2464c"
dependencies = [
 "sgx_tstd",
]

[[package]]
name = "sgx_tcrypto"
version = "1.1.6"
source = "git+https://github.com/apache/teaclave-sgx-sdk.git?rev=3c903bdac4e503dd27b9b1f761c4abfc55f2464c#3c903bdac4e503dd27b9b1f761c4abfc55f2464c"
dependencies = [
 "sgx_types",
]

[[package]]
name = "sgx_tprotected_fs"
version = "1.1.6"
source = "git+https://github.com/apache/teaclave-sgx-sdk.git?rev=3c903bdac4e503dd27b9b1f761c4abfc55f2464c#3c903bdac4e503dd27b9b1f761c4abfc55f2464c"
dependencies = [
 "sgx_trts",
 "sgx_types",
]

[[package]]
name = "sgx_trts"
version = "1.1.6"
source = "git+https://github.com/apache/teaclave-sgx-sdk.git?rev=3c903bdac4e503dd27b9b1f761c4abfc55f2464c#3c903bdac4e503dd27b9b1f761c4abfc55f2464c"
dependencies = [
 "sgx_libc",
 "sgx_types",
]

[[package]]
name = "sgx_tse"
version = "1.1.6"
source = "git+https://github.com/apache/teaclave-sgx-sdk.git?rev=3c903bdac4e503dd27b9b1f761c4abfc55f2464c#3c903bdac4e503dd27b9b1f761c4abfc55f2464c"
dependencies = [
 "sgx_types",
]

[[package]]
name = "sgx_tseal"
version = "1.1.6"
source = "git+https://github.com/apache/teaclave-sgx-sdk.git?rev=3c903bdac4e503dd27b9b1f761c4abfc55f2464c#3c903bdac4e503dd27b9b1f761c4abfc55f2464c"
dependencies = [
 "sgx_tcrypto",
 "sgx_trts",
 "sgx_tse",
 "sgx_types",
]

[[package]]
name = "sgx_tstd"
version = "1.1.6"
source = "git+https://github.com/apache/teaclave-sgx-sdk.git?rev=3c903bdac4e503dd27b9b1f761c4abfc55f2464c#3c903bdac4e503dd27b9b1f761c4abfc55f2464c"
dependencies = [
 "hashbrown_tstd",
 "sgx_alloc",
 "sgx_backtrace_sys",
 "sgx_demangle",
 "sgx_libc",
 "sgx_tprotected_fs",
 "sgx_trts",
 "sgx_types",
 "sgx_unwind",
]

[[package]]
name = "sgx_types"
version = "1.1.6"
source = "git+https://github.com/apache/teaclave-sgx-sdk.git?rev=3c903bdac4e503dd27b9b1f761c4abfc55f2464c#3c903bdac4e503dd27b9b1f761c4abfc55f2464c"

[[package]]
name = "sgx_unwind"
version = "1.1.6"
source = "git+https://github.com/apache/teaclave-sgx-sdk.git?rev=3c903bdac4e503dd27b9b1f761c4abfc55f2464c#3c903bdac4e503dd27b9b1f761c4abfc55f2464c"
dependencies = [
 "sgx_build_helper",
]

[[package]]
name = "syn"
version = "2.0.48"
source = "registry+https://github.com/rust-lang/crates.io-index"
checksum = "0f3531638e407dfc0814761abb7c00a5b54992b849452a0646b7f65c9f770f3f"
dependencies = [
 "proc-macro2",
 "quote",
 "unicode-ident",
]

[[package]]
name = "template"
version = "1.0.0"
dependencies = [
 "serde_json",
 "sgx_alloc",
 "sgx_libc",
 "sgx_serialize",
 "sgx_tcrypto",
 "sgx_trts",
 "sgx_tseal",
 "sgx_tstd",
 "sgx_types",
 "wasmi",
 "wasmi-impl",
]

[[package]]
name = "unicode-ident"
version = "1.0.12"
source = "registry+https://github.com/rust-lang/crates.io-index"
checksum = "3354b9ac3fae1ff6755cb6db53683adb661634f67557942dea4facebec0fee4b"

[[package]]
name = "wasmi"
version = "0.11.0"
source = "registry+https://github.com/rust-lang/crates.io-index"
checksum = "0a3cb58f98e4d6c944af18c2c9002f22d0b928dfbb8b6c2b7d78a8573a5216bf"
dependencies = [
 "downcast-rs",
 "libm",
 "memory_units",
 "num-rational",
 "num-traits",
 "parity-wasm",
 "wasmi-validation",
]

[[package]]
name = "wasmi-impl"
version = "0.1.0"
dependencies = [
 "wasmi",
]

[[package]]
name = "wasmi-validation"
version = "0.4.1"
source = "registry+https://github.com/rust-lang/crates.io-index"
checksum = "165343ecd6c018fc09ebcae280752702c9a2ef3e6f8d02f1cfcbdb53ef6d7937"
dependencies = [
 "parity-wasm",
]
