# This file is automatically @generated by Cargo.
# It is not intended for manual editing.
version = 3

[[package]]
name = "autocfg"
version = "1.1.0"
source = "registry+https://github.com/rust-lang/crates.io-index"
checksum = "d468802bab17cbc0cc575e9b053f41e72aa36bfa6b7f55e3529ffa43161b97fa"

[[package]]
name = "cc"
version = "1.0.81"
source = "registry+https://github.com/rust-lang/crates.io-index"
checksum = "6c6b2562119bf28c3439f7f02db99faf0aa1a8cdfe5772a2ee155d32227239f0"
dependencies = [
 "libc",
]

[[package]]
name = "downcast-rs"
version = "1.2.0"
source = "registry+https://github.com/rust-lang/crates.io-index"
checksum = "9ea835d29036a4087793836fa931b08837ad5e957da9e23886b29586fb9b6650"

[[package]]
name = "hashbrown_tstd"
version = "0.12.0"
source = "git+https://github.com/apache/teaclave-sgx-sdk.git?rev=3c903bdac4e503dd27b9b1f761c4abfc55f2464c#3c903bdac4e503dd27b9b1f761c4abfc55f2464c"

[[package]]
name = "libc"
version = "0.2.147"
source = "registry+https://github.com/rust-lang/crates.io-index"
checksum = "b4668fb0ea861c1df094127ac5f1da3409a82116a4ba74fca2e58ef927159bb3"

[[package]]
name = "libm"
version = "0.2.7"
source = "registry+https://github.com/rust-lang/crates.io-index"
checksum = "f7012b1bbb0719e1097c47611d3898568c546d597c2e74d66f6087edd5233ff4"

[[package]]
name = "memory_units"
version = "0.3.0"
source = "registry+https://github.com/rust-lang/crates.io-index"
checksum = "71d96e3f3c0b6325d8ccd83c33b28acb183edcb6c67938ba104ec546854b0882"

[[package]]
name = "num-bigint"
version = "0.4.3"
source = "registry+https://github.com/rust-lang/crates.io-index"
checksum = "f93ab6289c7b344a8a9f60f88d80aa20032336fe78da341afc91c8a2341fc75f"
dependencies = [
 "autocfg",
 "num-integer",
 "num-traits",
]

[[package]]
name = "num-integer"
version = "0.1.45"
source = "registry+https://github.com/rust-lang/crates.io-index"
checksum = "225d3389fb3509a24c93f5c29eb6bde2586b98d9f016636dff58d7c6f7569cd9"
dependencies = [
 "autocfg",
 "num-traits",
]

[[package]]
name = "num-rational"
version = "0.4.1"
source = "registry+https://github.com/rust-lang/crates.io-index"
checksum = "0638a1c9d0a3c0914158145bc76cff373a75a627e6ecbfb71cbe6f453a5a19b0"
dependencies = [
 "autocfg",
 "num-bigint",
 "num-integer",
 "num-traits",
]

[[package]]
name = "num-traits"
version = "0.2.16"
source = "registry+https://github.com/rust-lang/crates.io-index"
checksum = "f30b0abd723be7e2ffca1272140fac1a2f084c77ec3e123c192b66af1ee9e6c2"
dependencies = [
 "autocfg",
]

[[package]]
name = "parity-wasm"
version = "0.42.2"
source = "registry+https://github.com/rust-lang/crates.io-index"
checksum = "be5e13c266502aadf83426d87d81a0f5d1ef45b8027f5a471c360abfe4bfae92"

[[package]]
name = "sgx_alloc"
version = "1.1.6"
source = "git+https://github.com/apache/teaclave-sgx-sdk.git?rev=3c903bdac4e503dd27b9b1f761c4abfc55f2464c#3c903bdac4e503dd27b9b1f761c4abfc55f2464c"

[[package]]
name = "sgx_backtrace_sys"
version = "1.1.6"
source = "git+https://github.com/apache/teaclave-sgx-sdk.git?rev=3c903bdac4e503dd27b9b1f761c4abfc55f2464c#3c903bdac4e503dd27b9b1f761c4abfc55f2464c"
dependencies = [
 "cc",
 "sgx_build_helper",
 "sgx_libc",
]

[[package]]
name = "sgx_build_helper"
version = "1.1.6"
source = "git+https://github.com/apache/teaclave-sgx-sdk.git?rev=3c903bdac4e503dd27b9b1f761c4abfc55f2464c#3c903bdac4e503dd27b9b1f761c4abfc55f2464c"

[[package]]
name = "sgx_demangle"
version = "1.1.6"
source = "git+https://github.com/apache/teaclave-sgx-sdk.git?rev=3c903bdac4e503dd27b9b1f761c4abfc55f2464c#3c903bdac4e503dd27b9b1f761c4abfc55f2464c"

[[package]]
name = "sgx_libc"
version = "1.1.6"
source = "git+https://github.com/apache/teaclave-sgx-sdk.git?rev=3c903bdac4e503dd27b9b1f761c4abfc55f2464c#3c903bdac4e503dd27b9b1f761c4abfc55f2464c"
dependencies = [
 "sgx_types",
]

[[package]]
name = "sgx_serialize"
version = "1.1.6"
source = "git+https://github.com/apache/teaclave-sgx-sdk.git?rev=3c903bdac4e503dd27b9b1f761c4abfc55f2464c#3c903bdac4e503dd27b9b1f761c4abfc55f2464c"
dependencies = [
 "sgx_tstd",
]

[[package]]
name = "sgx_tcrypto"
version = "1.1.6"
source = "git+https://github.com/apache/teaclave-sgx-sdk.git?rev=3c903bdac4e503dd27b9b1f761c4abfc55f2464c#3c903bdac4e503dd27b9b1f761c4abfc55f2464c"
dependencies = [
 "sgx_types",
]

[[package]]
name = "sgx_tprotected_fs"
version = "1.1.6"
source = "git+https://github.com/apache/teaclave-sgx-sdk.git?rev=3c903bdac4e503dd27b9b1f761c4abfc55f2464c#3c903bdac4e503dd27b9b1f761c4abfc55f2464c"
dependencies = [
 "sgx_trts",
 "sgx_types",
]

[[package]]
name = "sgx_trts"
version = "1.1.6"
source = "git+https://github.com/apache/teaclave-sgx-sdk.git?rev=3c903bdac4e503dd27b9b1f761c4abfc55f2464c#3c903bdac4e503dd27b9b1f761c4abfc55f2464c"
dependencies = [
 "sgx_libc",
 "sgx_types",
]

[[package]]
name = "sgx_tse"
version = "1.1.6"
source = "git+https://github.com/apache/teaclave-sgx-sdk.git?rev=3c903bdac4e503dd27b9b1f761c4abfc55f2464c#3c903bdac4e503dd27b9b1f761c4abfc55f2464c"
dependencies = [
 "sgx_types",
]

[[package]]
name = "sgx_tseal"
version = "1.1.6"
source = "git+https://github.com/apache/teaclave-sgx-sdk.git?rev=3c903bdac4e503dd27b9b1f761c4abfc55f2464c#3c903bdac4e503dd27b9b1f761c4abfc55f2464c"
dependencies = [
 "sgx_tcrypto",
 "sgx_trts",
 "sgx_tse",
 "sgx_types",
]

[[package]]
name = "sgx_tstd"
version = "1.1.6"
source = "git+https://github.com/apache/teaclave-sgx-sdk.git?rev=3c903bdac4e503dd27b9b1f761c4abfc55f2464c#3c903bdac4e503dd27b9b1f761c4abfc55f2464c"
dependencies = [
 "hashbrown_tstd",
 "sgx_alloc",
 "sgx_backtrace_sys",
 "sgx_demangle",
 "sgx_libc",
 "sgx_tprotected_fs",
 "sgx_trts",
 "sgx_types",
 "sgx_unwind",
]

[[package]]
name = "sgx_types"
version = "1.1.6"
source = "git+https://github.com/apache/teaclave-sgx-sdk.git?rev=3c903bdac4e503dd27b9b1f761c4abfc55f2464c#3c903bdac4e503dd27b9b1f761c4abfc55f2464c"

[[package]]
name = "sgx_unwind"
version = "1.1.6"
source = "git+https://github.com/apache/teaclave-sgx-sdk.git?rev=3c903bdac4e503dd27b9b1f761c4abfc55f2464c#3c903bdac4e503dd27b9b1f761c4abfc55f2464c"
dependencies = [
 "sgx_build_helper",
]

[[package]]
name = "template"
version = "1.0.0"
dependencies = [
 "sgx_alloc",
 "sgx_libc",
 "sgx_serialize",
 "sgx_tcrypto",
 "sgx_trts",
 "sgx_tseal",
 "sgx_tstd",
 "sgx_types",
 "wasmi",
 "wasmi-impl",
]

[[package]]
name = "wasmi"
version = "0.11.0"
source = "registry+https://github.com/rust-lang/crates.io-index"
checksum = "0a3cb58f98e4d6c944af18c2c9002f22d0b928dfbb8b6c2b7d78a8573a5216bf"
dependencies = [
 "downcast-rs",
 "libm",
 "memory_units",
 "num-rational",
 "num-traits",
 "parity-wasm",
 "wasmi-validation",
]

[[package]]
name = "wasmi-impl"
version = "0.1.0"
dependencies = [
 "wasmi",
]

[[package]]
name = "wasmi-validation"
version = "0.4.1"
source = "registry+https://github.com/rust-lang/crates.io-index"
checksum = "165343ecd6c018fc09ebcae280752702c9a2ef3e6f8d02f1cfcbdb53ef6d7937"
dependencies = [
 "parity-wasm",
]
